// !$*UTF8*$!
{
	archiveVersion = 1;
	classes = {
	};
	objectVersion = 46;
	objects = {

/* Begin PBXGroup section */
		AAFE45331B4F531F00D0D25C = {
			isa = PBXGroup;
			children = (
			);
			sourceTree = "<group>";
		};
/* End PBXGroup section */

/* Begin PBXProject section */
		AAFE45341B4F531F00D0D25C /* Project object */ = {
			isa = PBXProject;
			attributes = {
				LastUpgradeCheck = 0630;
			};
			buildConfigurationList = AAFE45371B4F531F00D0D25C /* Build configuration list for PBXProject "testtest" */;
			compatibilityVersion = "Xcode 3.2";
			developmentRegion = English;
			hasScannedForEncodings = 0;
			knownRegions = (
				en,
			);
			mainGroup = AAFE45331B4F531F00D0D25C;
			projectDirPath = "";
			projectRoot = "";
			targets = (
			);
		};
/* End PBXProject section */

/* Begin XCBuildConfiguration section */
		AAFE45381B4F531F00D0D25C /* Debug */ = {
			isa = XCBuildConfiguration;
			buildSettings = {
			};
			name = Debug;
		};
		AAFE45391B4F531F00D0D25C /* Release */ = {
			isa = XCBuildConfiguration;
			buildSettings = {
			};
			name = Release;
		};
/* End XCBuildConfiguration section */

/* Begin XCConfigurationList section */
		AAFE45371B4F531F00D0D25C /* Build configuration list for PBXProject "testtest" */ = {
			isa = XCConfigurationList;
			buildConfigurations = (
				AAFE45381B4F531F00D0D25C /* Debug */,
				AAFE45391B4F531F00D0D25C /* Release */,
			);
			defaultConfigurationIsVisible = 0;
			defaultConfigurationName = Release;
		};
/* End XCConfigurationList section */
	};
	rootObject = AAFE45341B4F531F00D0D25C /* Project object */;
}
